
Microsoft Visual Studio Solution File, Format Version 12.00
# Visual Studio Version 17
VisualStudioVersion = 17.5.33424.131
MinimumVisualStudioVersion = 10.0.40219.1
Project("{2150E333-8FDC-42A3-9474-1A3956D46DE8}") = "1-Apresentacao", "1-Apresentacao", "{E5B3418A-83CB-4FC9-8B99-AC21AF46CB71}"
EndProject
Project("{2150E333-8FDC-42A3-9474-1A3956D46DE8}") = "2-Aplicacao", "2-Aplicacao", "{1F199CA4-670A-4177-B567-048C710812B5}"
EndProject
Project("{2150E333-8FDC-42A3-9474-1A3956D46DE8}") = "3-Dominio", "3-Dominio", "{707980F2-0086-4A5D-A4B4-0E595BE20BCF}"
EndProject
Project("{2150E333-8FDC-42A3-9474-1A3956D46DE8}") = "4-Infra", "4-Infra", "{B1FE8F1B-CC2E-4D89-99C8-90C44403A1B1}"
EndProject
Project("{2150E333-8FDC-42A3-9474-1A3956D46DE8}") = "5-Testes", "5-Testes", "{5B906C43-ED21-4280-8257-BA5780287E74}"
EndProject
Project("{9A19103F-16F7-4668-BE54-9A1E7A4F7556}") = "LocadoraDeAutomoveis.WinApp", "LocadoraDeAutomoveis.WinApp\LocadoraDeAutomoveis.WinApp.csproj", "{69302FE8-CE68-4F22-AEF1-7FECA4E2CF61}"
EndProject
Project("{9A19103F-16F7-4668-BE54-9A1E7A4F7556}") = "LocadoraDeAutomoveis.Aplicacao", "LocadoraDeAutomoveis.Aplicacao\LocadoraDeAutomoveis.Aplicacao.csproj", "{EAB3F602-472A-40D5-B4C8-291E5B25D9AB}"
EndProject
Project("{9A19103F-16F7-4668-BE54-9A1E7A4F7556}") = "LocadoraDeAutomoveis.Dominio", "LocadoraDeAutomoveis.Dominio\LocadoraDeAutomoveis.Dominio.csproj", "{1F09DFC7-E594-4B44-8295-0BFFCD6E6644}"
EndProject
Project("{9A19103F-16F7-4668-BE54-9A1E7A4F7556}") = "LocadoraDeAutomoveis.Infra.Orm", "LocadoraDeAutomoveis.Infra.Orm\LocadoraDeAutomoveis.Infra.Orm.csproj", "{8FA788F9-AAC2-4CFA-BDD8-AAD1B8449D4A}"
EndProject
Project("{2150E333-8FDC-42A3-9474-1A3956D46DE8}") = "TestesUnitarios", "TestesUnitarios", "{8FE4B83C-0BF5-4339-A6EF-9F3807AF1822}"
EndProject
Project("{2150E333-8FDC-42A3-9474-1A3956D46DE8}") = "TestesIntegracao", "TestesIntegracao", "{50104794-7F54-43C8-8C79-2C6960DC751B}"
EndProject
Project("{9A19103F-16F7-4668-BE54-9A1E7A4F7556}") = "LocadoraDeAutomoveis.TestesUnitarios", "LocadoraDeAutomoveis.TestesUnitarios\LocadoraDeAutomoveis.TestesUnitarios.csproj", "{B547F1CB-8981-4884-B80C-48137F435ECD}"
EndProject
Project("{9A19103F-16F7-4668-BE54-9A1E7A4F7556}") = "LocadoraDeAutomoveis.TestesIntregacao", "LocadoraDeAutomoveis.TestesIntregacao\LocadoraDeAutomoveis.TestesIntregacao.csproj", "{4AC26F2B-EC5B-4D2C-860F-6C5CE5974886}"
EndProject
Global
	GlobalSection(SolutionConfigurationPlatforms) = preSolution
		Debug|Any CPU = Debug|Any CPU
		Release|Any CPU = Release|Any CPU
	EndGlobalSection
	GlobalSection(ProjectConfigurationPlatforms) = postSolution
		{69302FE8-CE68-4F22-AEF1-7FECA4E2CF61}.Debug|Any CPU.ActiveCfg = Debug|Any CPU
		{69302FE8-CE68-4F22-AEF1-7FECA4E2CF61}.Debug|Any CPU.Build.0 = Debug|Any CPU
		{69302FE8-CE68-4F22-AEF1-7FECA4E2CF61}.Release|Any CPU.ActiveCfg = Release|Any CPU
		{69302FE8-CE68-4F22-AEF1-7FECA4E2CF61}.Release|Any CPU.Build.0 = Release|Any CPU
		{EAB3F602-472A-40D5-B4C8-291E5B25D9AB}.Debug|Any CPU.ActiveCfg = Debug|Any CPU
		{EAB3F602-472A-40D5-B4C8-291E5B25D9AB}.Debug|Any CPU.Build.0 = Debug|Any CPU
		{EAB3F602-472A-40D5-B4C8-291E5B25D9AB}.Release|Any CPU.ActiveCfg = Release|Any CPU
		{EAB3F602-472A-40D5-B4C8-291E5B25D9AB}.Release|Any CPU.Build.0 = Release|Any CPU
		{1F09DFC7-E594-4B44-8295-0BFFCD6E6644}.Debug|Any CPU.ActiveCfg = Debug|Any CPU
		{1F09DFC7-E594-4B44-8295-0BFFCD6E6644}.Debug|Any CPU.Build.0 = Debug|Any CPU
		{1F09DFC7-E594-4B44-8295-0BFFCD6E6644}.Release|Any CPU.ActiveCfg = Release|Any CPU
		{1F09DFC7-E594-4B44-8295-0BFFCD6E6644}.Release|Any CPU.Build.0 = Release|Any CPU
		{8FA788F9-AAC2-4CFA-BDD8-AAD1B8449D4A}.Debug|Any CPU.ActiveCfg = Debug|Any CPU
		{8FA788F9-AAC2-4CFA-BDD8-AAD1B8449D4A}.Debug|Any CPU.Build.0 = Debug|Any CPU
		{8FA788F9-AAC2-4CFA-BDD8-AAD1B8449D4A}.Release|Any CPU.ActiveCfg = Release|Any CPU
		{8FA788F9-AAC2-4CFA-BDD8-AAD1B8449D4A}.Release|Any CPU.Build.0 = Release|Any CPU
		{B547F1CB-8981-4884-B80C-48137F435ECD}.Debug|Any CPU.ActiveCfg = Debug|Any CPU
		{B547F1CB-8981-4884-B80C-48137F435ECD}.Debug|Any CPU.Build.0 = Debug|Any CPU
		{B547F1CB-8981-4884-B80C-48137F435ECD}.Release|Any CPU.ActiveCfg = Release|Any CPU
		{B547F1CB-8981-4884-B80C-48137F435ECD}.Release|Any CPU.Build.0 = Release|Any CPU
		{4AC26F2B-EC5B-4D2C-860F-6C5CE5974886}.Debug|Any CPU.ActiveCfg = Debug|Any CPU
		{4AC26F2B-EC5B-4D2C-860F-6C5CE5974886}.Debug|Any CPU.Build.0 = Debug|Any CPU
		{4AC26F2B-EC5B-4D2C-860F-6C5CE5974886}.Release|Any CPU.ActiveCfg = Release|Any CPU
		{4AC26F2B-EC5B-4D2C-860F-6C5CE5974886}.Release|Any CPU.Build.0 = Release|Any CPU
	EndGlobalSection
	GlobalSection(SolutionProperties) = preSolution
		HideSolutionNode = FALSE
	EndGlobalSection
	GlobalSection(NestedProjects) = preSolution
		{69302FE8-CE68-4F22-AEF1-7FECA4E2CF61} = {E5B3418A-83CB-4FC9-8B99-AC21AF46CB71}
		{EAB3F602-472A-40D5-B4C8-291E5B25D9AB} = {1F199CA4-670A-4177-B567-048C710812B5}
		{1F09DFC7-E594-4B44-8295-0BFFCD6E6644} = {707980F2-0086-4A5D-A4B4-0E595BE20BCF}
		{8FA788F9-AAC2-4CFA-BDD8-AAD1B8449D4A} = {B1FE8F1B-CC2E-4D89-99C8-90C44403A1B1}
		{8FE4B83C-0BF5-4339-A6EF-9F3807AF1822} = {5B906C43-ED21-4280-8257-BA5780287E74}
		{50104794-7F54-43C8-8C79-2C6960DC751B} = {5B906C43-ED21-4280-8257-BA5780287E74}
		{B547F1CB-8981-4884-B80C-48137F435ECD} = {8FE4B83C-0BF5-4339-A6EF-9F3807AF1822}
		{4AC26F2B-EC5B-4D2C-860F-6C5CE5974886} = {50104794-7F54-43C8-8C79-2C6960DC751B}
	EndGlobalSection
	GlobalSection(ExtensibilityGlobals) = postSolution
		SolutionGuid = {DBF519A0-EA35-4B1E-ACC4-96CAC07B2E3B}
	EndGlobalSection
EndGlobal
